// !$*UTF8*$!
{
	archiveVersion = 1;
	classes = {
	};
	objectVersion = 56;
	objects = {

/* Begin PBXBuildFile section */
		1DA4D51029B6E18000098185 /* AppDelegate.swift in Sources */ = {isa = PBXBuildFile; fileRef = 1DA4D50F29B6E18000098185 /* AppDelegate.swift */; };
		1DA4D51229B6E18000098185 /* SceneDelegate.swift in Sources */ = {isa = PBXBuildFile; fileRef = 1DA4D51129B6E18000098185 /* SceneDelegate.swift */; };
		1DA4D51429B6E18000098185 /* ViewController.swift in Sources */ = {isa = PBXBuildFile; fileRef = 1DA4D51329B6E18000098185 /* ViewController.swift */; };
		1DA4D51729B6E18000098185 /* Main.storyboard in Resources */ = {isa = PBXBuildFile; fileRef = 1DA4D51529B6E18000098185 /* Main.storyboard */; };
		1DA4D51929B6E18100098185 /* Assets.xcassets in Resources */ = {isa = PBXBuildFile; fileRef = 1DA4D51829B6E18100098185 /* Assets.xcassets */; };
		1DA4D51C29B6E18100098185 /* LaunchScreen.storyboard in Resources */ = {isa = PBXBuildFile; fileRef = 1DA4D51A29B6E18100098185 /* LaunchScreen.storyboard */; };
		1DA4D52429B6E60000098185 /* img.jpeg in Resources */ = {isa = PBXBuildFile; fileRef = 1DA4D52329B6E60000098185 /* img.jpeg */; };
		1DA4D54A29B979DC00098185 /* LoginViewController.swift in Sources */ = {isa = PBXBuildFile; fileRef = 1DA4D54929B979DC00098185 /* LoginViewController.swift */; };
		1DA4D54E29B9805100098185 /* Login.storyboard in Resources */ = {isa = PBXBuildFile; fileRef = 1DA4D54D29B9805100098185 /* Login.storyboard */; };
/* End PBXBuildFile section */

/* Begin PBXFileReference section */
		1DA4D50C29B6E18000098185 /* login-app-swift.app */ = {isa = PBXFileReference; explicitFileType = wrapper.application; includeInIndex = 0; path = "login-app-swift.app"; sourceTree = BUILT_PRODUCTS_DIR; };
		1DA4D50F29B6E18000098185 /* AppDelegate.swift */ = {isa = PBXFileReference; lastKnownFileType = sourcecode.swift; path = AppDelegate.swift; sourceTree = "<group>"; };
		1DA4D51129B6E18000098185 /* SceneDelegate.swift */ = {isa = PBXFileReference; lastKnownFileType = sourcecode.swift; path = SceneDelegate.swift; sourceTree = "<group>"; };
		1DA4D51329B6E18000098185 /* ViewController.swift */ = {isa = PBXFileReference; lastKnownFileType = sourcecode.swift; path = ViewController.swift; sourceTree = "<group>"; };
		1DA4D51629B6E18000098185 /* Base */ = {isa = PBXFileReference; lastKnownFileType = file.storyboard; name = Base; path = Base.lproj/Main.storyboard; sourceTree = "<group>"; };
		1DA4D51829B6E18100098185 /* Assets.xcassets */ = {isa = PBXFileReference; lastKnownFileType = folder.assetcatalog; path = Assets.xcassets; sourceTree = "<group>"; };
		1DA4D51B29B6E18100098185 /* Base */ = {isa = PBXFileReference; lastKnownFileType = file.storyboard; name = Base; path = Base.lproj/LaunchScreen.storyboard; sourceTree = "<group>"; };
		1DA4D51D29B6E18100098185 /* Info.plist */ = {isa = PBXFileReference; lastKnownFileType = text.plist.xml; path = Info.plist; sourceTree = "<group>"; };
		1DA4D52329B6E60000098185 /* img.jpeg */ = {isa = PBXFileReference; lastKnownFileType = image.jpeg; name = img.jpeg; path = ../../../../Downloads/img.jpeg; sourceTree = "<group>"; };
		1DA4D54929B979DC00098185 /* LoginViewController.swift */ = {isa = PBXFileReference; lastKnownFileType = sourcecode.swift; path = LoginViewController.swift; sourceTree = "<group>"; };
		1DA4D54D29B9805100098185 /* Login.storyboard */ = {isa = PBXFileReference; lastKnownFileType = file.storyboard; path = Login.storyboard; sourceTree = "<group>"; };
/* End PBXFileReference section */

/* Begin PBXFrameworksBuildPhase section */
		1DA4D50929B6E18000098185 /* Frameworks */ = {
			isa = PBXFrameworksBuildPhase;
			buildActionMask = 2147483647;
			files = (
			);
			runOnlyForDeploymentPostprocessing = 0;
		};
/* End PBXFrameworksBuildPhase section */

/* Begin PBXGroup section */
		1DA4D50329B6E18000098185 = {
			isa = PBXGroup;
			children = (
				1DA4D50E29B6E18000098185 /* login-app-swift */,
				1DA4D50D29B6E18000098185 /* Products */,
			);
			sourceTree = "<group>";
		};
		1DA4D50D29B6E18000098185 /* Products */ = {
			isa = PBXGroup;
			children = (
				1DA4D50C29B6E18000098185 /* login-app-swift.app */,
			);
			name = Products;
			sourceTree = "<group>";
		};
		1DA4D50E29B6E18000098185 /* login-app-swift */ = {
			isa = PBXGroup;
			children = (
				1DA4D50F29B6E18000098185 /* AppDelegate.swift */,
				1DA4D51129B6E18000098185 /* SceneDelegate.swift */,
				1DA4D54929B979DC00098185 /* LoginViewController.swift */,
				1DA4D51329B6E18000098185 /* ViewController.swift */,
				1DA4D54D29B9805100098185 /* Login.storyboard */,
				1DA4D51529B6E18000098185 /* Main.storyboard */,
				1DA4D52329B6E60000098185 /* img.jpeg */,
				1DA4D51829B6E18100098185 /* Assets.xcassets */,
				1DA4D51A29B6E18100098185 /* LaunchScreen.storyboard */,
				1DA4D51D29B6E18100098185 /* Info.plist */,
			);
			path = "login-app-swift";
			sourceTree = "<group>";
		};
/* End PBXGroup section */

/* Begin PBXNativeTarget section */
		1DA4D50B29B6E18000098185 /* login-app-swift */ = {
			isa = PBXNativeTarget;
			buildConfigurationList = 1DA4D52029B6E18100098185 /* Build configuration list for PBXNativeTarget "login-app-swift" */;
			buildPhases = (
				1DA4D50829B6E18000098185 /* Sources */,
				1DA4D50929B6E18000098185 /* Frameworks */,
				1DA4D50A29B6E18000098185 /* Resources */,
			);
			buildRules = (
			);
			dependencies = (
			);
			name = "login-app-swift";
			productName = "login-app-swift";
			productReference = 1DA4D50C29B6E18000098185 /* login-app-swift.app */;
			productType = "com.apple.product-type.application";
		};
/* End PBXNativeTarget section */

/* Begin PBXProject section */
		1DA4D50429B6E18000098185 /* Project object */ = {
			isa = PBXProject;
			attributes = {
				BuildIndependentTargetsInParallel = 1;
				LastSwiftUpdateCheck = 1420;
				LastUpgradeCheck = 1420;
				TargetAttributes = {
					1DA4D50B29B6E18000098185 = {
						CreatedOnToolsVersion = 14.2;
					};
				};
			};
			buildConfigurationList = 1DA4D50729B6E18000098185 /* Build configuration list for PBXProject "login-app-swift" */;
			compatibilityVersion = "Xcode 14.0";
			developmentRegion = en;
			hasScannedForEncodings = 0;
			knownRegions = (
				en,
				Base,
			);
			mainGroup = 1DA4D50329B6E18000098185;
			productRefGroup = 1DA4D50D29B6E18000098185 /* Products */;
			projectDirPath = "";
			projectRoot = "";
			targets = (
				1DA4D50B29B6E18000098185 /* login-app-swift */,
			);
		};
/* End PBXProject section */

/* Begin PBXResourcesBuildPhase section */
		1DA4D50A29B6E18000098185 /* Resources */ = {
			isa = PBXResourcesBuildPhase;
			buildActionMask = 2147483647;
			files = (
				1DA4D51C29B6E18100098185 /* LaunchScreen.storyboard in Resources */,
				1DA4D52429B6E60000098185 /* img.jpeg in Resources */,
				1DA4D51929B6E18100098185 /* Assets.xcassets in Resources */,
				1DA4D54E29B9805100098185 /* Login.storyboard in Resources */,
				1DA4D51729B6E18000098185 /* Main.storyboard in Resources */,
			);
			runOnlyForDeploymentPostprocessing = 0;
		};
/* End PBXResourcesBuildPhase section */

/* Begin PBXSourcesBuildPhase section */
		1DA4D50829B6E18000098185 /* Sources */ = {
			isa = PBXSourcesBuildPhase;
			buildActionMask = 2147483647;
			files = (
				1DA4D54A29B979DC00098185 /* LoginViewController.swift in Sources */,
				1DA4D51429B6E18000098185 /* ViewController.swift in Sources */,
				1DA4D51029B6E18000098185 /* AppDelegate.swift in Sources */,
				1DA4D51229B6E18000098185 /* SceneDelegate.swift in Sources */,
			);
			runOnlyForDeploymentPostprocessing = 0;
		};
/* End PBXSourcesBuildPhase section */

/* Begin PBXVariantGroup section */
		1DA4D51529B6E18000098185 /* Main.storyboard */ = {
			isa = PBXVariantGroup;
			children = (
				1DA4D51629B6E18000098185 /* Base */,
			);
			name = Main.storyboard;
			sourceTree = "<group>";
		};
		1DA4D51A29B6E18100098185 /* LaunchScreen.storyboard */ = {
			isa = PBXVariantGroup;
			children = (
				1DA4D51B29B6E18100098185 /* Base */,
			);
			name = LaunchScreen.storyboard;
			sourceTree = "<group>";
		};
/* End PBXVariantGroup section */

/* Begin XCBuildConfiguration section */
		1DA4D51E29B6E18100098185 /* Debug */ = {
			isa = XCBuildConfiguration;
			buildSettings = {
				ALWAYS_SEARCH_USER_PATHS = NO;
				CLANG_ANALYZER_NONNULL = YES;
				CLANG_ANALYZER_NUMBER_OBJECT_CONVERSION = YES_AGGRESSIVE;
				CLANG_CXX_LANGUAGE_STANDARD = "gnu++20";
				CLANG_ENABLE_MODULES = YES;
				CLANG_ENABLE_OBJC_ARC = YES;
				CLANG_ENABLE_OBJC_WEAK = YES;
				CLANG_WARN_BLOCK_CAPTURE_AUTORELEASING = YES;
				CLANG_WARN_BOOL_CONVERSION = YES;
				CLANG_WARN_COMMA = YES;
				CLANG_WARN_CONSTANT_CONVERSION = YES;
				CLANG_WARN_DEPRECATED_OBJC_IMPLEMENTATIONS = YES;
				CLANG_WARN_DIRECT_OBJC_ISA_USAGE = YES_ERROR;
				CLANG_WARN_DOCUMENTATION_COMMENTS = YES;
				CLANG_WARN_EMPTY_BODY = YES;
				CLANG_WARN_ENUM_CONVERSION = YES;
				CLANG_WARN_INFINITE_RECURSION = YES;
				CLANG_WARN_INT_CONVERSION = YES;
				CLANG_WARN_NON_LITERAL_NULL_CONVERSION = YES;
				CLANG_WARN_OBJC_IMPLICIT_RETAIN_SELF = YES;
				CLANG_WARN_OBJC_LITERAL_CONVERSION = YES;
				CLANG_WARN_OBJC_ROOT_CLASS = YES_ERROR;
				CLANG_WARN_QUOTED_INCLUDE_IN_FRAMEWORK_HEADER = YES;
				CLANG_WARN_RANGE_LOOP_ANALYSIS = YES;
				CLANG_WARN_STRICT_PROTOTYPES = YES;
				CLANG_WARN_SUSPICIOUS_MOVE = YES;
				CLANG_WARN_UNGUARDED_AVAILABILITY = YES_AGGRESSIVE;
				CLANG_WARN_UNREACHABLE_CODE = YES;
				CLANG_WARN__DUPLICATE_METHOD_MATCH = YES;
				COPY_PHASE_STRIP = NO;
				DEBUG_INFORMATION_FORMAT = dwarf;
				ENABLE_STRICT_OBJC_MSGSEND = YES;
				ENABLE_TESTABILITY = YES;
				GCC_C_LANGUAGE_STANDARD = gnu11;
				GCC_DYNAMIC_NO_PIC = NO;
				GCC_NO_COMMON_BLOCKS = YES;
				GCC_OPTIMIZATION_LEVEL = 0;
				GCC_PREPROCESSOR_DEFINITIONS = (
					"DEBUG=1",
					"$(inherited)",
				);
				GCC_WARN_64_TO_32_BIT_CONVERSION = YES;
				GCC_WARN_ABOUT_RETURN_TYPE = YES_ERROR;
				GCC_WARN_UNDECLARED_SELECTOR = YES;
				GCC_WARN_UNINITIALIZED_AUTOS = YES_AGGRESSIVE;
				GCC_WARN_UNUSED_FUNCTION = YES;
				GCC_WARN_UNUSED_VARIABLE = YES;
				IPHONEOS_DEPLOYMENT_TARGET = 16.2;
				MTL_ENABLE_DEBUG_INFO = INCLUDE_SOURCE;
				MTL_FAST_MATH = YES;
				ONLY_ACTIVE_ARCH = YES;
				SDKROOT = iphoneos;
				SWIFT_ACTIVE_COMPILATION_CONDITIONS = DEBUG;
				SWIFT_OPTIMIZATION_LEVEL = "-Onone";
			};
			name = Debug;
		};
		1DA4D51F29B6E18100098185 /* Release */ = {
			isa = XCBuildConfiguration;
			buildSettings = {
				ALWAYS_SEARCH_USER_PATHS = NO;
				CLANG_ANALYZER_NONNULL = YES;
				CLANG_ANALYZER_NUMBER_OBJECT_CONVERSION = YES_AGGRESSIVE;
				CLANG_CXX_LANGUAGE_STANDARD = "gnu++20";
				CLANG_ENABLE_MODULES = YES;
				CLANG_ENABLE_OBJC_ARC = YES;
				CLANG_ENABLE_OBJC_WEAK = YES;
				CLANG_WARN_BLOCK_CAPTURE_AUTORELEASING = YES;
				CLANG_WARN_BOOL_CONVERSION = YES;
				CLANG_WARN_COMMA = YES;
				CLANG_WARN_CONSTANT_CONVERSION = YES;
				CLANG_WARN_DEPRECATED_OBJC_IMPLEMENTATIONS = YES;
				CLANG_WARN_DIRECT_OBJC_ISA_USAGE = YES_ERROR;
				CLANG_WARN_DOCUMENTATION_COMMENTS = YES;
				CLANG_WARN_EMPTY_BODY = YES;
				CLANG_WARN_ENUM_CONVERSION = YES;
				CLANG_WARN_INFINITE_RECURSION = YES;
				CLANG_WARN_INT_CONVERSION = YES;
				CLANG_WARN_NON_LITERAL_NULL_CONVERSION = YES;
				CLANG_WARN_OBJC_IMPLICIT_RETAIN_SELF = YES;
				CLANG_WARN_OBJC_LITERAL_CONVERSION = YES;
				CLANG_WARN_OBJC_ROOT_CLASS = YES_ERROR;
				CLANG_WARN_QUOTED_INCLUDE_IN_FRAMEWORK_HEADER = YES;
				CLANG_WARN_RANGE_LOOP_ANALYSIS = YES;
				CLANG_WARN_STRICT_PROTOTYPES = YES;
				CLANG_WARN_SUSPICIOUS_MOVE = YES;
				CLANG_WARN_UNGUARDED_AVAILABILITY = YES_AGGRESSIVE;
				CLANG_WARN_UNREACHABLE_CODE = YES;
				CLANG_WARN__DUPLICATE_METHOD_MATCH = YES;
				COPY_PHASE_STRIP = NO;
				DEBUG_INFORMATION_FORMAT = "dwarf-with-dsym";
				ENABLE_NS_ASSERTIONS = NO;
				ENABLE_STRICT_OBJC_MSGSEND = YES;
				GCC_C_LANGUAGE_STANDARD = gnu11;
				GCC_NO_COMMON_BLOCKS = YES;
				GCC_WARN_64_TO_32_BIT_CONVERSION = YES;
				GCC_WARN_ABOUT_RETURN_TYPE = YES_ERROR;
				GCC_WARN_UNDECLARED_SELECTOR = YES;
				GCC_WARN_UNINITIALIZED_AUTOS = YES_AGGRESSIVE;
				GCC_WARN_UNUSED_FUNCTION = YES;
				GCC_WARN_UNUSED_VARIABLE = YES;
				IPHONEOS_DEPLOYMENT_TARGET = 16.2;
				MTL_ENABLE_DEBUG_INFO = NO;
				MTL_FAST_MATH = YES;
				SDKROOT = iphoneos;
				SWIFT_COMPILATION_MODE = wholemodule;
				SWIFT_OPTIMIZATION_LEVEL = "-O";
				VALIDATE_PRODUCT = YES;
			};
			name = Release;
		};
		1DA4D52129B6E18100098185 /* Debug */ = {
			isa = XCBuildConfiguration;
			buildSettings = {
				ASSETCATALOG_COMPILER_APPICON_NAME = AppIcon;
				ASSETCATALOG_COMPILER_GLOBAL_ACCENT_COLOR_NAME = AccentColor;
				CODE_SIGN_STYLE = Automatic;
				CURRENT_PROJECT_VERSION = 1;
				DEVELOPMENT_TEAM = NU9S2WT3N8;
				GENERATE_INFOPLIST_FILE = YES;
				INFOPLIST_FILE = "login-app-swift/Info.plist";
				INFOPLIST_KEY_UIApplicationSupportsIndirectInputEvents = YES;
				INFOPLIST_KEY_UILaunchStoryboardName = LaunchScreen;
				INFOPLIST_KEY_UIMainStoryboardFile = Main;
				INFOPLIST_KEY_UISupportedInterfaceOrientations_iPad = "UIInterfaceOrientationPortrait UIInterfaceOrientationPortraitUpsideDown UIInterfaceOrientationLandscapeLeft UIInterfaceOrientationLandscapeRight";
				INFOPLIST_KEY_UISupportedInterfaceOrientations_iPhone = "UIInterfaceOrientationPortrait UIInterfaceOrientationLandscapeLeft UIInterfaceOrientationLandscapeRight";
				LD_RUNPATH_SEARCH_PATHS = (
					"$(inherited)",
					"@executable_path/Frameworks",
				);
				MARKETING_VERSION = 1.0;
				PRODUCT_BUNDLE_IDENTIFIER = "emidiaz00.login-app-swift";
				PRODUCT_NAME = "$(TARGET_NAME)";
				SWIFT_EMIT_LOC_STRINGS = YES;
				SWIFT_VERSION = 5.0;
				TARGETED_DEVICE_FAMILY = "1,2";
			};
			name = Debug;
		};
		1DA4D52229B6E18100098185 /* Release */ = {
			isa = XCBuildConfiguration;
			buildSettings = {
				ASSETCATALOG_COMPILER_APPICON_NAME = AppIcon;
				ASSETCATALOG_COMPILER_GLOBAL_ACCENT_COLOR_NAME = AccentColor;
				CODE_SIGN_STYLE = Automatic;
				CURRENT_PROJECT_VERSION = 1;
				DEVELOPMENT_TEAM = NU9S2WT3N8;
				GENERATE_INFOPLIST_FILE = YES;
				INFOPLIST_FILE = "login-app-swift/Info.plist";
				INFOPLIST_KEY_UIApplicationSupportsIndirectInputEvents = YES;
				INFOPLIST_KEY_UILaunchStoryboardName = LaunchScreen;
				INFOPLIST_KEY_UIMainStoryboardFile = Main;
				INFOPLIST_KEY_UISupportedInterfaceOrientations_iPad = "UIInterfaceOrientationPortrait UIInterfaceOrientationPortraitUpsideDown UIInterfaceOrientationLandscapeLeft UIInterfaceOrientationLandscapeRight";
				INFOPLIST_KEY_UISupportedInterfaceOrientations_iPhone = "UIInterfaceOrientationPortrait UIInterfaceOrientationLandscapeLeft UIInterfaceOrientationLandscapeRight";
				LD_RUNPATH_SEARCH_PATHS = (
					"$(inherited)",
					"@executable_path/Frameworks",
				);
				MARKETING_VERSION = 1.0;
				PRODUCT_BUNDLE_IDENTIFIER = "emidiaz00.login-app-swift";
				PRODUCT_NAME = "$(TARGET_NAME)";
				SWIFT_EMIT_LOC_STRINGS = YES;
				SWIFT_VERSION = 5.0;
				TARGETED_DEVICE_FAMILY = "1,2";
			};
			name = Release;
		};
/* End XCBuildConfiguration section */

/* Begin XCConfigurationList section */
		1DA4D50729B6E18000098185 /* Build configuration list for PBXProject "login-app-swift" */ = {
			isa = XCConfigurationList;
			buildConfigurations = (
				1DA4D51E29B6E18100098185 /* Debug */,
				1DA4D51F29B6E18100098185 /* Release */,
			);
			defaultConfigurationIsVisible = 0;
			defaultConfigurationName = Release;
		};
		1DA4D52029B6E18100098185 /* Build configuration list for PBXNativeTarget "login-app-swift" */ = {
			isa = XCConfigurationList;
			buildConfigurations = (
				1DA4D52129B6E18100098185 /* Debug */,
				1DA4D52229B6E18100098185 /* Release */,
			);
			defaultConfigurationIsVisible = 0;
			defaultConfigurationName = Release;
		};
/* End XCConfigurationList section */
	};
	rootObject = 1DA4D50429B6E18000098185 /* Project object */;
}
